{
  "name": "xyz-earthquake",
  "version": "0.0.1",
  "lockfileVersion": 1,
  "requires": true,
  "dependencies": {
    "@dabh/diagnostics": {
      "version": "2.0.2",
      "resolved": "https://artifactory.in.here.com/artifactory/api/npm/here-node/@dabh/diagnostics/-/diagnostics-2.0.2.tgz",
      "integrity": "sha1-KQ0I97OBuPlGB9yPRxoSxnX52zE=",
      "requires": {
        "colorspace": "1.1.x",
        "enabled": "2.0.x",
        "kuler": "^2.0.0"
      }
    },
    "array-filter": {
      "version": "1.0.0",
      "resolved": "https://artifactory.in.here.com/artifactory/api/npm/here-node/array-filter/-/array-filter-1.0.0.tgz",
      "integrity": "sha1-uveeYubvTCpMC4MSMtr/7CUfnYM="
    },
    "async": {
      "version": "3.2.0",
      "resolved": "https://artifactory.in.here.com/artifactory/api/npm/here-node/async/-/async-3.2.0.tgz",
      "integrity": "sha1-s6JoXF67ZB094C0WEALGD8n4VyA="
    },
    "available-typed-arrays": {
      "version": "1.0.2",
      "resolved": "https://artifactory.in.here.com/artifactory/api/npm/here-node/available-typed-arrays/-/available-typed-arrays-1.0.2.tgz",
      "integrity": "sha1-awmMqdgDkHnuP3f3t4PESAulE/U=",
      "requires": {
        "array-filter": "^1.0.0"
      }
    },
    "aws-sdk": {
      "version": "2.788.0",
      "resolved": "https://artifactory.in.here.com/artifactory/api/npm/here-node/aws-sdk/-/aws-sdk-2.788.0.tgz",
      "integrity": "sha1-Ag+El125Yj0KQ0EFmR5wdMSIaT8=",
      "requires": {
        "buffer": "4.9.2",
        "events": "1.1.1",
        "ieee754": "1.1.13",
        "jmespath": "0.15.0",
        "querystring": "0.2.0",
        "sax": "1.2.1",
        "url": "0.10.3",
        "uuid": "3.3.2",
        "xml2js": "0.4.19"
      }
    },
    "base64-js": {
      "version": "1.3.1",
      "resolved": "https://artifactory.in.here.com/artifactory/api/npm/here-node/base64-js/-/base64-js-1.3.1.tgz",
      "integrity": "sha1-WOzoy3XdB+ce0IxzarxfrE2/jfE="
    },
    "buffer": {
      "version": "4.9.2",
      "resolved": "https://artifactory.in.here.com/artifactory/api/npm/here-node/buffer/-/buffer-4.9.2.tgz",
      "integrity": "sha1-Iw6tNEACmIZEhBqwJEr4xEu+Pvg=",
      "requires": {
        "base64-js": "^1.0.2",
        "ieee754": "^1.1.4",
        "isarray": "^1.0.0"
      }
    },
    "call-bind": {
      "version": "1.0.0",
      "resolved": "https://artifactory.in.here.com/artifactory/api/npm/here-node/call-bind/-/call-bind-1.0.0.tgz",
      "integrity": "sha1-JBJwVLs/m9y0sfuCQYGGBy93uM4=",
      "requires": {
        "function-bind": "^1.1.1",
        "get-intrinsic": "^1.0.0"
      }
    },
    "color": {
      "version": "3.0.0",
      "resolved": "https://artifactory.in.here.com/artifactory/api/npm/here-node/color/-/color-3.0.0.tgz",
      "integrity": "sha1-2SC0Mo1TSjrIKV1o971LpsQnvpo=",
      "requires": {
        "color-convert": "^1.9.1",
        "color-string": "^1.5.2"
      }
    },
    "color-convert": {
      "version": "1.9.3",
      "resolved": "https://artifactory.in.here.com/artifactory/api/npm/here-node/color-convert/-/color-convert-1.9.3.tgz",
      "integrity": "sha1-u3GFBpDh8TZWfeYp0tVHHe2kweg=",
      "requires": {
        "color-name": "1.1.3"
      }
    },
    "color-name": {
      "version": "1.1.3",
      "resolved": "https://artifactory.in.here.com/artifactory/api/npm/here-node/color-name/-/color-name-1.1.3.tgz",
      "integrity": "sha1-p9BVi9icQveV3UIyj3QIMcpTvCU="
    },
    "color-string": {
      "version": "1.5.4",
      "resolved": "https://artifactory.in.here.com/artifactory/api/npm/here-node/color-string/-/color-string-1.5.4.tgz",
      "integrity": "sha1-3VHNJc/ulT0Tj+QAI3LMPQ5QTLY=",
      "requires": {
        "color-name": "^1.0.0",
        "simple-swizzle": "^0.2.2"
      }
    },
    "colors": {
      "version": "1.4.0",
      "resolved": "https://artifactory.in.here.com/artifactory/api/npm/here-node/colors/-/colors-1.4.0.tgz",
      "integrity": "sha1-xQSRR51MG9rtLJztMs98fcI2D3g="
    },
    "colorspace": {
      "version": "1.1.2",
      "resolved": "https://artifactory.in.here.com/artifactory/api/npm/here-node/colorspace/-/colorspace-1.1.2.tgz",
      "integrity": "sha1-4BKJUNCCuGohaFgHlqCqXWxo2MU=",
      "requires": {
        "color": "3.0.x",
        "text-hex": "1.0.x"
      }
    },
    "core-util-is": {
      "version": "1.0.2",
      "resolved": "https://artifactory.in.here.com/artifactory/api/npm/here-node/core-util-is/-/core-util-is-1.0.2.tgz",
      "integrity": "sha1-tf1UIgqivFq1eqtxQMlAdUUDwac="
    },
    "define-properties": {
      "version": "1.1.3",
      "resolved": "https://artifactory.in.here.com/artifactory/api/npm/here-node/define-properties/-/define-properties-1.1.3.tgz",
      "integrity": "sha1-z4jabL7ib+bbcJT2HYcMvYTO6fE=",
      "requires": {
        "object-keys": "^1.0.12"
      }
    },
    "enabled": {
      "version": "2.0.0",
      "resolved": "https://artifactory.in.here.com/artifactory/api/npm/here-node/enabled/-/enabled-2.0.0.tgz",
      "integrity": "sha1-+d2S7C1vS7wNXR5k4h1hzUZl58I="
    },
    "es-abstract": {
      "version": "1.17.7",
      "resolved": "https://artifactory.in.here.com/artifactory/api/npm/here-node/es-abstract/-/es-abstract-1.17.7.tgz",
      "integrity": "sha1-pN5hsvZpifx0IWdsHLl4dXOs5Uw=",
      "requires": {
        "es-to-primitive": "^1.2.1",
        "function-bind": "^1.1.1",
        "has": "^1.0.3",
        "has-symbols": "^1.0.1",
        "is-callable": "^1.2.2",
        "is-regex": "^1.1.1",
        "object-inspect": "^1.8.0",
        "object-keys": "^1.1.1",
        "object.assign": "^4.1.1",
        "string.prototype.trimend": "^1.0.1",
        "string.prototype.trimstart": "^1.0.1"
      }
    },
    "es-to-primitive": {
      "version": "1.2.1",
      "resolved": "https://artifactory.in.here.com/artifactory/api/npm/here-node/es-to-primitive/-/es-to-primitive-1.2.1.tgz",
      "integrity": "sha1-5VzUyc3BiLzvsDs2bHNjI/xciYo=",
      "requires": {
        "is-callable": "^1.1.4",
        "is-date-object": "^1.0.1",
        "is-symbol": "^1.0.2"
      }
    },
    "events": {
      "version": "1.1.1",
      "resolved": "https://artifactory.in.here.com/artifactory/api/npm/here-node/events/-/events-1.1.1.tgz",
      "integrity": "sha1-nr23Y1rQmccNzEwqH1AEKI6L2SQ="
    },
    "fast-safe-stringify": {
      "version": "2.0.7",
      "resolved": "https://artifactory.in.here.com/artifactory/api/npm/here-node/fast-safe-stringify/-/fast-safe-stringify-2.0.7.tgz",
      "integrity": "sha1-EkqohYmSYfaK7bQqfAgN6dpgh0M="
    },
    "fecha": {
      "version": "4.2.0",
      "resolved": "https://artifactory.in.here.com/artifactory/api/npm/here-node/fecha/-/fecha-4.2.0.tgz",
      "integrity": "sha1-P/tjlUU+Pz7/+FBATwpZtnR/X0E="
    },
    "fn.name": {
      "version": "1.1.0",
      "resolved": "https://artifactory.in.here.com/artifactory/api/npm/here-node/fn.name/-/fn.name-1.1.0.tgz",
      "integrity": "sha1-JsrYAXlnrqhzG8QpYdBKPVmIrMw="
    },
    "foreach": {
      "version": "2.0.5",
      "resolved": "https://artifactory.in.here.com/artifactory/api/npm/here-node/foreach/-/foreach-2.0.5.tgz",
      "integrity": "sha1-C+4AUBiusmDQo6865ljdATbsG5k="
    },
    "function-bind": {
      "version": "1.1.1",
      "resolved": "https://artifactory.in.here.com/artifactory/api/npm/here-node/function-bind/-/function-bind-1.1.1.tgz",
      "integrity": "sha1-pWiZ0+o8m6uHS7l3O3xe3pL0iV0="
    },
    "get-intrinsic": {
      "version": "1.0.1",
      "resolved": "https://artifactory.in.here.com/artifactory/api/npm/here-node/get-intrinsic/-/get-intrinsic-1.0.1.tgz",
      "integrity": "sha1-lKl2j8vdBZWhySc6rPTInQdWMb4=",
      "requires": {
        "function-bind": "^1.1.1",
        "has": "^1.0.3",
        "has-symbols": "^1.0.1"
      }
    },
    "has": {
      "version": "1.0.3",
      "resolved": "https://artifactory.in.here.com/artifactory/api/npm/here-node/has/-/has-1.0.3.tgz",
      "integrity": "sha1-ci18v8H2qoJB8W3YFOAR4fQeh5Y=",
      "requires": {
        "function-bind": "^1.1.1"
      }
    },
    "has-symbols": {
      "version": "1.0.1",
      "resolved": "https://artifactory.in.here.com/artifactory/api/npm/here-node/has-symbols/-/has-symbols-1.0.1.tgz",
      "integrity": "sha1-n1IUdYpEGWxAbZvXbOv4HsLdMeg="
    },
    "https": {
      "version": "1.0.0",
      "resolved": "https://artifactory.in.here.com/artifactory/api/npm/here-node/https/-/https-1.0.0.tgz",
      "integrity": "sha1-PDfHrhqO65ZpBKKtHpdaGUt+06Q="
    },
    "ieee754": {
      "version": "1.1.13",
      "resolved": "https://artifactory.in.here.com/artifactory/api/npm/here-node/ieee754/-/ieee754-1.1.13.tgz",
      "integrity": "sha1-7BaFWOlaoYH9h9N/VcMrvLZwi4Q="
    },
    "inherits": {
      "version": "2.0.4",
      "resolved": "https://artifactory.in.here.com/artifactory/api/npm/here-node/inherits/-/inherits-2.0.4.tgz",
      "integrity": "sha1-D6LGT5MpF8NDOg3tVTY6rjdBa3w="
    },
    "is-arguments": {
      "version": "1.0.4",
      "resolved": "https://artifactory.in.here.com/artifactory/api/npm/here-node/is-arguments/-/is-arguments-1.0.4.tgz",
      "integrity": "sha1-P6+WbHy6D/Q3+zH2JQCC/PBEjPM="
    },
    "is-arrayish": {
      "version": "0.3.2",
      "resolved": "https://artifactory.in.here.com/artifactory/api/npm/here-node/is-arrayish/-/is-arrayish-0.3.2.tgz",
      "integrity": "sha1-RXSirlb3qyBolvtDHq7tBm/fjwM="
    },
    "is-callable": {
      "version": "1.2.2",
      "resolved": "https://artifactory.in.here.com/artifactory/api/npm/here-node/is-callable/-/is-callable-1.2.2.tgz",
      "integrity": "sha1-x8ZxXNItTdtI0+GZcCI6zquwgNk="
    },
    "is-date-object": {
      "version": "1.0.2",
      "resolved": "https://artifactory.in.here.com/artifactory/api/npm/here-node/is-date-object/-/is-date-object-1.0.2.tgz",
      "integrity": "sha1-vac28s2P0G0yhE53Q7+nSUw7/X4="
    },
    "is-generator-function": {
      "version": "1.0.7",
      "resolved": "https://artifactory.in.here.com/artifactory/api/npm/here-node/is-generator-function/-/is-generator-function-1.0.7.tgz",
      "integrity": "sha1-0hMuUpuwAAp/gHlNS99c1eWBNSI="
    },
    "is-negative-zero": {
      "version": "2.0.0",
      "resolved": "https://artifactory.in.here.com/artifactory/api/npm/here-node/is-negative-zero/-/is-negative-zero-2.0.0.tgz",
      "integrity": "sha1-lVOxIbD6wohp2p7UWeIMdUN4hGE="
    },
    "is-regex": {
      "version": "1.1.1",
      "resolved": "https://artifactory.in.here.com/artifactory/api/npm/here-node/is-regex/-/is-regex-1.1.1.tgz",
      "integrity": "sha1-xvmKrMVG9s7FRooHt7FTq1ZKV7k=",
      "requires": {
        "has-symbols": "^1.0.1"
      }
    },
    "is-stream": {
      "version": "2.0.0",
      "resolved": "https://artifactory.in.here.com/artifactory/api/npm/here-node/is-stream/-/is-stream-2.0.0.tgz",
      "integrity": "sha1-venDJoDW+uBBKdasnZIc54FfeOM="
    },
    "is-symbol": {
      "version": "1.0.3",
      "resolved": "https://artifactory.in.here.com/artifactory/api/npm/here-node/is-symbol/-/is-symbol-1.0.3.tgz",
      "integrity": "sha1-OOEBS55jKb4N6dJKQU/XRB7GGTc=",
      "requires": {
        "has-symbols": "^1.0.1"
      }
    },
    "is-typed-array": {
      "version": "1.1.3",
      "resolved": "https://artifactory.in.here.com/artifactory/api/npm/here-node/is-typed-array/-/is-typed-array-1.1.3.tgz",
      "integrity": "sha1-pP9aXmcuGlX5nH9U5ZWXr1wd8E0=",
      "requires": {
        "available-typed-arrays": "^1.0.0",
        "es-abstract": "^1.17.4",
        "foreach": "^2.0.5",
        "has-symbols": "^1.0.1"
      }
    },
    "isarray": {
      "version": "1.0.0",
      "resolved": "https://artifactory.in.here.com/artifactory/api/npm/here-node/isarray/-/isarray-1.0.0.tgz",
      "integrity": "sha1-u5NdSFgsuhaMBoNJV6VKPgcSTxE="
    },
    "jmespath": {
      "version": "0.15.0",
      "resolved": "https://artifactory.in.here.com/artifactory/api/npm/here-node/jmespath/-/jmespath-0.15.0.tgz",
      "integrity": "sha1-o/Iiqarp+Wb10nx5ZRDigJF2Qhc="
    },
    "kuler": {
      "version": "2.0.0",
      "resolved": "https://artifactory.in.here.com/artifactory/api/npm/here-node/kuler/-/kuler-2.0.0.tgz",
      "integrity": "sha1-4sVwo4ADiPtEQH6FFTHB1nCwYbM="
    },
    "logform": {
      "version": "2.2.0",
      "resolved": "https://artifactory.in.here.com/artifactory/api/npm/here-node/logform/-/logform-2.2.0.tgz",
      "integrity": "sha1-QPA20ZFh/Ha2irUP3H/klVREkvI=",
      "requires": {
        "colors": "^1.2.1",
        "fast-safe-stringify": "^2.0.4",
        "fecha": "^4.2.0",
        "ms": "^2.1.1",
        "triple-beam": "^1.3.0"
      }
    },
    "ms": {
      "version": "2.1.2",
      "resolved": "https://artifactory.in.here.com/artifactory/api/npm/here-node/ms/-/ms-2.1.2.tgz",
      "integrity": "sha1-0J0fNXtEP0kzgqjrPM0YOHKuYAk="
    },
    "object-inspect": {
      "version": "1.8.0",
      "resolved": "https://artifactory.in.here.com/artifactory/api/npm/here-node/object-inspect/-/object-inspect-1.8.0.tgz",
      "integrity": "sha1-34B+Xs9TpgnMa/6T6sPMe+WzqdA="
    },
    "object-keys": {
      "version": "1.1.1",
      "resolved": "https://artifactory.in.here.com/artifactory/api/npm/here-node/object-keys/-/object-keys-1.1.1.tgz",
      "integrity": "sha1-HEfyct8nfzsdrwYWd9nILiMixg4="
    },
    "object.assign": {
      "version": "4.1.2",
      "resolved": "https://artifactory.in.here.com/artifactory/api/npm/here-node/object.assign/-/object.assign-4.1.2.tgz",
      "integrity": "sha1-DtVKNC7Os3s4/3brgxoOeIy2OUA=",
      "requires": {
        "call-bind": "^1.0.0",
        "define-properties": "^1.1.3",
        "has-symbols": "^1.0.1",
        "object-keys": "^1.1.1"
      }
    },
    "one-time": {
      "version": "1.0.0",
      "resolved": "https://artifactory.in.here.com/artifactory/api/npm/here-node/one-time/-/one-time-1.0.0.tgz",
      "integrity": "sha1-4GvBdK7SFO1Y7e3lc7Qzu/gny0U=",
      "requires": {
        "fn.name": "1.x.x"
      }
    },
    "process-nextick-args": {
      "version": "2.0.1",
      "resolved": "https://artifactory.in.here.com/artifactory/api/npm/here-node/process-nextick-args/-/process-nextick-args-2.0.1.tgz",
      "integrity": "sha1-eCDZsWEgzFXKmud5JoCufbptf+I="
    },
    "punycode": {
      "version": "1.3.2",
      "resolved": "https://artifactory.in.here.com/artifactory/api/npm/here-node/punycode/-/punycode-1.3.2.tgz",
      "integrity": "sha1-llOgNvt8HuQjQvIyXM7v6jkmxI0="
    },
    "querystring": {
      "version": "0.2.0",
      "resolved": "https://artifactory.in.here.com/artifactory/api/npm/here-node/querystring/-/querystring-0.2.0.tgz",
      "integrity": "sha1-sgmEkgO7Jd+CDadW50cAWHhSFiA="
    },
    "readable-stream": {
      "version": "3.6.0",
      "resolved": "https://artifactory.in.here.com/artifactory/api/npm/here-node/readable-stream/-/readable-stream-3.6.0.tgz",
      "integrity": "sha1-M3u9o63AcGvT4CRCaihtS0sskZg=",
      "requires": {
        "inherits": "^2.0.3",
        "string_decoder": "^1.1.1",
        "util-deprecate": "^1.0.1"
      }
    },
    "safe-buffer": {
      "version": "5.2.1",
      "resolved": "https://artifactory.in.here.com/artifactory/api/npm/here-node/safe-buffer/-/safe-buffer-5.2.1.tgz",
      "integrity": "sha1-Hq+fqb2x/dTsdfWPnNtOa3gn7sY="
    },
    "sax": {
      "version": "1.2.1",
      "resolved": "https://artifactory.in.here.com/artifactory/api/npm/here-node/sax/-/sax-1.2.1.tgz",
      "integrity": "sha1-e45lYZCyKOgaZq6nSEgNgozS03o="
    },
    "simple-swizzle": {
      "version": "0.2.2",
      "resolved": "https://artifactory.in.here.com/artifactory/api/npm/here-node/simple-swizzle/-/simple-swizzle-0.2.2.tgz",
      "integrity": "sha1-pNprY1/8zMoz9w0Xy5JZLeleVXo=",
      "requires": {
        "is-arrayish": "^0.3.1"
      }
    },
    "stack-trace": {
      "version": "0.0.10",
      "resolved": "https://artifactory.in.here.com/artifactory/api/npm/here-node/stack-trace/-/stack-trace-0.0.10.tgz",
      "integrity": "sha1-VHxws0fo0ytOEI6hoqFZ5f3eGcA="
    },
    "string.prototype.trimend": {
      "version": "1.0.2",
      "resolved": "https://artifactory.in.here.com/artifactory/api/npm/here-node/string.prototype.trimend/-/string.prototype.trimend-1.0.2.tgz",
      "integrity": "sha1-bd2ah5a8cUtImjriIkaiCPN7+kY=",
      "requires": {
        "define-properties": "^1.1.3",
        "es-abstract": "^1.18.0-next.1"
      },
      "dependencies": {
        "es-abstract": {
          "version": "1.18.0-next.1",
          "resolved": "https://artifactory.in.here.com/artifactory/api/npm/here-node/es-abstract/-/es-abstract-1.18.0-next.1.tgz",
          "integrity": "sha1-bjoKS9pxflAjqzuOkL7DYQjSLGg=",
          "requires": {
            "es-to-primitive": "^1.2.1",
            "function-bind": "^1.1.1",
            "has": "^1.0.3",
            "has-symbols": "^1.0.1",
            "is-callable": "^1.2.2",
            "is-negative-zero": "^2.0.0",
            "is-regex": "^1.1.1",
            "object-inspect": "^1.8.0",
            "object-keys": "^1.1.1",
            "object.assign": "^4.1.1",
            "string.prototype.trimend": "^1.0.1",
            "string.prototype.trimstart": "^1.0.1"
          }
        }
      }
    },
    "string.prototype.trimstart": {
      "version": "1.0.2",
      "resolved": "https://artifactory.in.here.com/artifactory/api/npm/here-node/string.prototype.trimstart/-/string.prototype.trimstart-1.0.2.tgz",
      "integrity": "sha1-ItRdqBAVMJzQzdeXh+iRn8XGE+c=",
      "requires": {
        "define-properties": "^1.1.3",
        "es-abstract": "^1.18.0-next.1"
      },
      "dependencies": {
        "es-abstract": {
          "version": "1.18.0-next.1",
          "resolved": "https://artifactory.in.here.com/artifactory/api/npm/here-node/es-abstract/-/es-abstract-1.18.0-next.1.tgz",
          "integrity": "sha1-bjoKS9pxflAjqzuOkL7DYQjSLGg=",
          "requires": {
            "es-to-primitive": "^1.2.1",
            "function-bind": "^1.1.1",
            "has": "^1.0.3",
            "has-symbols": "^1.0.1",
            "is-callable": "^1.2.2",
            "is-negative-zero": "^2.0.0",
            "is-regex": "^1.1.1",
            "object-inspect": "^1.8.0",
            "object-keys": "^1.1.1",
            "object.assign": "^4.1.1",
            "string.prototype.trimend": "^1.0.1",
            "string.prototype.trimstart": "^1.0.1"
          }
        }
      }
    },
    "string_decoder": {
      "version": "1.3.0",
      "resolved": "https://artifactory.in.here.com/artifactory/api/npm/here-node/string_decoder/-/string_decoder-1.3.0.tgz",
      "integrity": "sha1-QvEUWUpGzxqOMLCoT1bHjD7awh4=",
      "requires": {
        "safe-buffer": "~5.2.0"
      }
    },
    "text-hex": {
      "version": "1.0.0",
      "resolved": "https://artifactory.in.here.com/artifactory/api/npm/here-node/text-hex/-/text-hex-1.0.0.tgz",
      "integrity": "sha1-adycGxdEbueakr9biEu0uRJ1BvU="
    },
    "triple-beam": {
      "version": "1.3.0",
      "resolved": "https://artifactory.in.here.com/artifactory/api/npm/here-node/triple-beam/-/triple-beam-1.3.0.tgz",
      "integrity": "sha1-pZUhTHKY24M57u7gg+TRC9jLjdk="
    },
    "url": {
      "version": "0.10.3",
      "resolved": "https://artifactory.in.here.com/artifactory/api/npm/here-node/url/-/url-0.10.3.tgz",
      "integrity": "sha1-Ah5NnHcF8hu/N9A861h2dAJ3TGQ=",
      "requires": {
        "punycode": "1.3.2",
        "querystring": "0.2.0"
      }
    },
    "util": {
      "version": "0.12.3",
      "resolved": "https://artifactory.in.here.com/artifactory/api/npm/here-node/util/-/util-0.12.3.tgz",
      "integrity": "sha1-lxuwKS0swMiS2rfGpdN8K+xweIg=",
      "requires": {
        "inherits": "^2.0.3",
        "is-arguments": "^1.0.4",
        "is-generator-function": "^1.0.7",
        "is-typed-array": "^1.1.3",
        "safe-buffer": "^5.1.2",
        "which-typed-array": "^1.1.2"
      }
    },
    "util-deprecate": {
      "version": "1.0.2",
      "resolved": "https://artifactory.in.here.com/artifactory/api/npm/here-node/util-deprecate/-/util-deprecate-1.0.2.tgz",
      "integrity": "sha1-RQ1Nyfpw3nMnYvvS1KKJgUGaDM8="
    },
    "uuid": {
      "version": "3.3.2",
      "resolved": "https://artifactory.in.here.com/artifactory/api/npm/here-node/uuid/-/uuid-3.3.2.tgz",
      "integrity": "sha1-G0r0lV6zB3xQHCOHL8ZROBFYcTE="
    },
    "which-typed-array": {
      "version": "1.1.2",
      "resolved": "https://artifactory.in.here.com/artifactory/api/npm/here-node/which-typed-array/-/which-typed-array-1.1.2.tgz",
      "integrity": "sha1-5fmOVr2pPj2sGWsB1HwRVmecALI=",
      "requires": {
        "available-typed-arrays": "^1.0.2",
        "es-abstract": "^1.17.5",
        "foreach": "^2.0.5",
        "function-bind": "^1.1.1",
        "has-symbols": "^1.0.1",
        "is-typed-array": "^1.1.3"
      }
    },
    "winston": {
      "version": "3.3.3",
      "resolved": "https://artifactory.in.here.com/artifactory/api/npm/here-node/winston/-/winston-3.3.3.tgz",
      "integrity": "sha1-rmFyBCyvspeGr6PQnI/4M6t8kXA=",
      "requires": {
        "@dabh/diagnostics": "^2.0.2",
        "async": "^3.1.0",
        "is-stream": "^2.0.0",
        "logform": "^2.2.0",
        "one-time": "^1.0.0",
        "readable-stream": "^3.4.0",
        "stack-trace": "0.0.x",
        "triple-beam": "^1.3.0",
        "winston-transport": "^4.4.0"
      }
    },
    "winston-transport": {
      "version": "4.4.0",
      "resolved": "https://artifactory.in.here.com/artifactory/api/npm/here-node/winston-transport/-/winston-transport-4.4.0.tgz",
      "integrity": "sha1-F69RjappDVsuzMqnrPeyDKeSXlk=",
      "requires": {
        "readable-stream": "^2.3.7",
        "triple-beam": "^1.2.0"
      },
      "dependencies": {
        "readable-stream": {
          "version": "2.3.7",
          "resolved": "https://artifactory.in.here.com/artifactory/api/npm/here-node/readable-stream/-/readable-stream-2.3.7.tgz",
          "integrity": "sha1-Hsoc9xGu+BTAT2IlKjamL2yyO1c=",
          "requires": {
            "core-util-is": "~1.0.0",
            "inherits": "~2.0.3",
            "isarray": "~1.0.0",
            "process-nextick-args": "~2.0.0",
            "safe-buffer": "~5.1.1",
            "string_decoder": "~1.1.1",
            "util-deprecate": "~1.0.1"
          }
        },
        "safe-buffer": {
          "version": "5.1.2",
          "resolved": "https://artifactory.in.here.com/artifactory/api/npm/here-node/safe-buffer/-/safe-buffer-5.1.2.tgz",
          "integrity": "sha1-mR7GnSluAxN0fVm9/St0XDX4go0="
        },
        "string_decoder": {
          "version": "1.1.1",
          "resolved": "https://artifactory.in.here.com/artifactory/api/npm/here-node/string_decoder/-/string_decoder-1.1.1.tgz",
          "integrity": "sha1-nPFhG6YmhdcDCunkujQUnDrwP8g=",
          "requires": {
            "safe-buffer": "~5.1.0"
          }
        }
      }
    },
    "xml2js": {
      "version": "0.4.19",
      "resolved": "https://artifactory.in.here.com/artifactory/api/npm/here-node/xml2js/-/xml2js-0.4.19.tgz",
      "integrity": "sha1-aGwg8hMgnpSr8NG88e+qKRx4J6c=",
      "requires": {
        "sax": ">=0.6.0",
        "xmlbuilder": "~9.0.1"
      }
    },
    "xmlbuilder": {
      "version": "9.0.7",
      "resolved": "https://artifactory.in.here.com/artifactory/api/npm/here-node/xmlbuilder/-/xmlbuilder-9.0.7.tgz",
      "integrity": "sha1-Ey7mPS7FVlxVfiD0wi35rKaGsQ0="
    },
    "zlib": {
      "version": "1.0.5",
      "resolved": "https://artifactory.in.here.com/artifactory/api/npm/here-node/zlib/-/zlib-1.0.5.tgz",
      "integrity": "sha1-bnyXL8NxxkWmr7A6sUdp3vEU/MA="
    }
  }
}
